
Microsoft Visual Studio Solution File, Format Version 12.00
# Visual Studio Version 16
VisualStudioVersion = 16.0.31702.278
MinimumVisualStudioVersion = 10.0.40219.1
Project("{FAE04EC0-301F-11D3-BF4B-00C04F79EFBC}") = "SerilogDemo", "SerilogDemo\SerilogDemo.csproj", "{D1B063C6-61D7-4C81-A1B4-47FA6DEF7547}"
EndProject
Global
	GlobalSection(SolutionConfigurationPlatforms) = preSolution
		Debug|Any CPU = Debug|Any CPU
		Release|Any CPU = Release|Any CPU
	EndGlobalSection
	GlobalSection(ProjectConfigurationPlatforms) = postSolution
		{D1B063C6-61D7-4C81-A1B4-47FA6DEF7547}.Debug|Any CPU.ActiveCfg = Debug|Any CPU
		{D1B063C6-61D7-4C81-A1B4-47FA6DEF7547}.Debug|Any CPU.Build.0 = Debug|Any CPU
		{D1B063C6-61D7-4C81-A1B4-47FA6DEF7547}.Release|Any CPU.ActiveCfg = Release|Any CPU
		{D1B063C6-61D7-4C81-A1B4-47FA6DEF7547}.Release|Any CPU.Build.0 = Release|Any CPU
	EndGlobalSection
	GlobalSection(SolutionProperties) = preSolution
		HideSolutionNode = FALSE
	EndGlobalSection
	GlobalSection(ExtensibilityGlobals) = postSolution
		SolutionGuid = {840BF627-295E-4975-8106-570AA75FBC57}
	EndGlobalSection
EndGlobal
